
Microsoft Visual Studio Solution File, Format Version 12.00
# Visual Studio Version 17
VisualStudioVersion = 17.4.33205.214
MinimumVisualStudioVersion = 10.0.40219.1
Project("{9A19103F-16F7-4668-BE54-9A1E7A4F7556}") = "BMI Tracker", "BMI Tracker.csproj", "{4116AC39-E845-40E2-8E30-004E03A575BB}"
EndProject
Global
	GlobalSection(SolutionConfigurationPlatforms) = preSolution
		Debug|Any CPU = Debug|Any CPU
		Release|Any CPU = Release|Any CPU
	EndGlobalSection
	GlobalSection(ProjectConfigurationPlatforms) = postSolution
		{4116AC39-E845-40E2-8E30-004E03A575BB}.Debug|Any CPU.ActiveCfg = Debug|Any CPU
		{4116AC39-E845-40E2-8E30-004E03A575BB}.Debug|Any CPU.Build.0 = Debug|Any CPU
		{4116AC39-E845-40E2-8E30-004E03A575BB}.Release|Any CPU.ActiveCfg = Release|Any CPU
		{4116AC39-E845-40E2-8E30-004E03A575BB}.Release|Any CPU.Build.0 = Release|Any CPU
	EndGlobalSection
	GlobalSection(SolutionProperties) = preSolution
		HideSolutionNode = FALSE
	EndGlobalSection
	GlobalSection(ExtensibilityGlobals) = postSolution
		SolutionGuid = {C6A16E18-C698-4D91-9A43-14C928115972}
	EndGlobalSection
EndGlobal
